
Microsoft Visual Studio Solution File, Format Version 12.00
# Visual Studio Version 17
VisualStudioVersion = 17.14.36121.58 d17.14
MinimumVisualStudioVersion = 10.0.40219.1
Project("{FAE04EC0-301F-11D3-BF4B-00C04F79EFBC}") = "ProductApi.Application", "ProductApi.Application\ProductApi.Application.csproj", "{56F944D5-1835-454C-B223-8F8D878DC704}"
EndProject
Project("{FAE04EC0-301F-11D3-BF4B-00C04F79EFBC}") = "ProductApi.Domain", "ProductApi.Domain\ProductApi.Domain.csproj", "{260987F8-D71B-44B7-8E7E-4986F075E7D1}"
EndProject
Project("{FAE04EC0-301F-11D3-BF4B-00C04F79EFBC}") = "ProductApi.Infrastructure", "ProductApi.Infrastructure\ProductApi.Infrastructure.csproj", "{9E916EF2-CB6F-404E-BEAB-1D047E560D78}"
EndProject
Project("{FAE04EC0-301F-11D3-BF4B-00C04F79EFBC}") = "ProductApi.Presentation", "ProductApi.Presentation\ProductApi.Presentation.csproj", "{096442E9-9857-4943-8E15-63AFE812C0D1}"
EndProject
Project("{FAE04EC0-301F-11D3-BF4B-00C04F79EFBC}") = "ECommerce.SharedLibrary", "..\ECommerce.SharedLibrary\ECommerce.SharedLibrary.csproj", "{99C538A9-915A-0D69-F316-D94CA0378801}"
EndProject
Global
	GlobalSection(SolutionConfigurationPlatforms) = preSolution
		Debug|Any CPU = Debug|Any CPU
		Release|Any CPU = Release|Any CPU
	EndGlobalSection
	GlobalSection(ProjectConfigurationPlatforms) = postSolution
		{56F944D5-1835-454C-B223-8F8D878DC704}.Debug|Any CPU.ActiveCfg = Debug|Any CPU
		{56F944D5-1835-454C-B223-8F8D878DC704}.Debug|Any CPU.Build.0 = Debug|Any CPU
		{56F944D5-1835-454C-B223-8F8D878DC704}.Release|Any CPU.ActiveCfg = Release|Any CPU
		{56F944D5-1835-454C-B223-8F8D878DC704}.Release|Any CPU.Build.0 = Release|Any CPU
		{260987F8-D71B-44B7-8E7E-4986F075E7D1}.Debug|Any CPU.ActiveCfg = Debug|Any CPU
		{260987F8-D71B-44B7-8E7E-4986F075E7D1}.Debug|Any CPU.Build.0 = Debug|Any CPU
		{260987F8-D71B-44B7-8E7E-4986F075E7D1}.Release|Any CPU.ActiveCfg = Release|Any CPU
		{260987F8-D71B-44B7-8E7E-4986F075E7D1}.Release|Any CPU.Build.0 = Release|Any CPU
		{9E916EF2-CB6F-404E-BEAB-1D047E560D78}.Debug|Any CPU.ActiveCfg = Debug|Any CPU
		{9E916EF2-CB6F-404E-BEAB-1D047E560D78}.Debug|Any CPU.Build.0 = Debug|Any CPU
		{9E916EF2-CB6F-404E-BEAB-1D047E560D78}.Release|Any CPU.ActiveCfg = Release|Any CPU
		{9E916EF2-CB6F-404E-BEAB-1D047E560D78}.Release|Any CPU.Build.0 = Release|Any CPU
		{096442E9-9857-4943-8E15-63AFE812C0D1}.Debug|Any CPU.ActiveCfg = Debug|Any CPU
		{096442E9-9857-4943-8E15-63AFE812C0D1}.Debug|Any CPU.Build.0 = Debug|Any CPU
		{096442E9-9857-4943-8E15-63AFE812C0D1}.Release|Any CPU.ActiveCfg = Release|Any CPU
		{096442E9-9857-4943-8E15-63AFE812C0D1}.Release|Any CPU.Build.0 = Release|Any CPU
		{99C538A9-915A-0D69-F316-D94CA0378801}.Debug|Any CPU.ActiveCfg = Debug|Any CPU
		{99C538A9-915A-0D69-F316-D94CA0378801}.Debug|Any CPU.Build.0 = Debug|Any CPU
		{99C538A9-915A-0D69-F316-D94CA0378801}.Release|Any CPU.ActiveCfg = Release|Any CPU
		{99C538A9-915A-0D69-F316-D94CA0378801}.Release|Any CPU.Build.0 = Release|Any CPU
	EndGlobalSection
	GlobalSection(SolutionProperties) = preSolution
		HideSolutionNode = FALSE
	EndGlobalSection
	GlobalSection(ExtensibilityGlobals) = postSolution
		SolutionGuid = {468396B9-DDD9-462A-9272-08824D4D7199}
	EndGlobalSection
EndGlobal
